// !$*UTF8*$!
{
	archiveVersion = 1;
	classes = {
	};
	objectVersion = 56;
	objects = {

/* Begin PBXBuildFile section */
		491276222A4EA8E900589EED /* AppDelegate.swift in Sources */ = {isa = PBXBuildFile; fileRef = 491276212A4EA8E900589EED /* AppDelegate.swift */; };
		491276242A4EA8E900589EED /* SceneDelegate.swift in Sources */ = {isa = PBXBuildFile; fileRef = 491276232A4EA8E900589EED /* SceneDelegate.swift */; };
		491276262A4EA8E900589EED /* HomeViewController.swift in Sources */ = {isa = PBXBuildFile; fileRef = 491276252A4EA8E900589EED /* HomeViewController.swift */; };
		4912762B2A4EA8EB00589EED /* Assets.xcassets in Resources */ = {isa = PBXBuildFile; fileRef = 4912762A2A4EA8EB00589EED /* Assets.xcassets */; };
		4912762E2A4EA8EB00589EED /* LaunchScreen.storyboard in Resources */ = {isa = PBXBuildFile; fileRef = 4912762C2A4EA8EB00589EED /* LaunchScreen.storyboard */; };
		491276392A4EB09200589EED /* SnapKit in Frameworks */ = {isa = PBXBuildFile; productRef = 491276382A4EB09200589EED /* SnapKit */; };
		4912763C2A4EB2E800589EED /* BannerCell.swift in Sources */ = {isa = PBXBuildFile; fileRef = 4912763B2A4EB2E800589EED /* BannerCell.swift */; };
		4912763E2A4EBEBF00589EED /* TickerCell.swift in Sources */ = {isa = PBXBuildFile; fileRef = 4912763D2A4EBEBF00589EED /* TickerCell.swift */; };
		49296DCD2A52512300F5FEA6 /* BannerModel.swift in Sources */ = {isa = PBXBuildFile; fileRef = 49296DCC2A52512300F5FEA6 /* BannerModel.swift */; };
		49296DD02A52519500F5FEA6 /* TickerModel.swift in Sources */ = {isa = PBXBuildFile; fileRef = 49296DCF2A52519500F5FEA6 /* TickerModel.swift */; };
		49296DD22A527A2000F5FEA6 /* MainTabbarController.swift in Sources */ = {isa = PBXBuildFile; fileRef = 49296DD12A527A2000F5FEA6 /* MainTabbarController.swift */; };
		49296DD42A527A8800F5FEA6 /* TabbarItem.swift in Sources */ = {isa = PBXBuildFile; fileRef = 49296DD32A527A8800F5FEA6 /* TabbarItem.swift */; };
		49296DDA2A52979100F5FEA6 /* BannerHeaderView.swift in Sources */ = {isa = PBXBuildFile; fileRef = 49296DD92A52979100F5FEA6 /* BannerHeaderView.swift */; };
		498AF8142A538C2B00121427 /* TickerHeaderView.swift in Sources */ = {isa = PBXBuildFile; fileRef = 498AF8132A538C2B00121427 /* TickerHeaderView.swift */; };
		498AF8172A53927700121427 /* NewsCell.swift in Sources */ = {isa = PBXBuildFile; fileRef = 498AF8162A53927700121427 /* NewsCell.swift */; };
		498AF81B2A53C36900121427 /* NewsModel.swift in Sources */ = {isa = PBXBuildFile; fileRef = 498AF81A2A53C36900121427 /* NewsModel.swift */; };
		498AF81F2A53C85500121427 /* SeparatorView.swift in Sources */ = {isa = PBXBuildFile; fileRef = 498AF81E2A53C85500121427 /* SeparatorView.swift */; };
		498AF8212A53CC9900121427 /* NewsHeaderView.swift in Sources */ = {isa = PBXBuildFile; fileRef = 498AF8202A53CC9900121427 /* NewsHeaderView.swift */; };
/* End PBXBuildFile section */

/* Begin PBXFileReference section */
		4912761E2A4EA8E900589EED /* CompositionalSingleViewApp.app */ = {isa = PBXFileReference; explicitFileType = wrapper.application; includeInIndex = 0; path = CompositionalSingleViewApp.app; sourceTree = BUILT_PRODUCTS_DIR; };
		491276212A4EA8E900589EED /* AppDelegate.swift */ = {isa = PBXFileReference; lastKnownFileType = sourcecode.swift; path = AppDelegate.swift; sourceTree = "<group>"; };
		491276232A4EA8E900589EED /* SceneDelegate.swift */ = {isa = PBXFileReference; lastKnownFileType = sourcecode.swift; path = SceneDelegate.swift; sourceTree = "<group>"; };
		491276252A4EA8E900589EED /* HomeViewController.swift */ = {isa = PBXFileReference; lastKnownFileType = sourcecode.swift; path = HomeViewController.swift; sourceTree = "<group>"; };
		4912762A2A4EA8EB00589EED /* Assets.xcassets */ = {isa = PBXFileReference; lastKnownFileType = folder.assetcatalog; path = Assets.xcassets; sourceTree = "<group>"; };
		4912762D2A4EA8EB00589EED /* Base */ = {isa = PBXFileReference; lastKnownFileType = file.storyboard; name = Base; path = Base.lproj/LaunchScreen.storyboard; sourceTree = "<group>"; };
		4912762F2A4EA8EB00589EED /* Info.plist */ = {isa = PBXFileReference; lastKnownFileType = text.plist.xml; path = Info.plist; sourceTree = "<group>"; };
		4912763B2A4EB2E800589EED /* BannerCell.swift */ = {isa = PBXFileReference; lastKnownFileType = sourcecode.swift; path = BannerCell.swift; sourceTree = "<group>"; };
		4912763D2A4EBEBF00589EED /* TickerCell.swift */ = {isa = PBXFileReference; lastKnownFileType = sourcecode.swift; path = TickerCell.swift; sourceTree = "<group>"; };
		49296DCC2A52512300F5FEA6 /* BannerModel.swift */ = {isa = PBXFileReference; lastKnownFileType = sourcecode.swift; path = BannerModel.swift; sourceTree = "<group>"; };
		49296DCF2A52519500F5FEA6 /* TickerModel.swift */ = {isa = PBXFileReference; lastKnownFileType = sourcecode.swift; path = TickerModel.swift; sourceTree = "<group>"; };
		49296DD12A527A2000F5FEA6 /* MainTabbarController.swift */ = {isa = PBXFileReference; lastKnownFileType = sourcecode.swift; path = MainTabbarController.swift; sourceTree = "<group>"; };
		49296DD32A527A8800F5FEA6 /* TabbarItem.swift */ = {isa = PBXFileReference; lastKnownFileType = sourcecode.swift; path = TabbarItem.swift; sourceTree = "<group>"; };
		49296DD92A52979100F5FEA6 /* BannerHeaderView.swift */ = {isa = PBXFileReference; lastKnownFileType = sourcecode.swift; path = BannerHeaderView.swift; sourceTree = "<group>"; };
		498AF8132A538C2B00121427 /* TickerHeaderView.swift */ = {isa = PBXFileReference; lastKnownFileType = sourcecode.swift; path = TickerHeaderView.swift; sourceTree = "<group>"; };
		498AF8162A53927700121427 /* NewsCell.swift */ = {isa = PBXFileReference; lastKnownFileType = sourcecode.swift; path = NewsCell.swift; sourceTree = "<group>"; };
		498AF81A2A53C36900121427 /* NewsModel.swift */ = {isa = PBXFileReference; lastKnownFileType = sourcecode.swift; path = NewsModel.swift; sourceTree = "<group>"; };
		498AF81E2A53C85500121427 /* SeparatorView.swift */ = {isa = PBXFileReference; lastKnownFileType = sourcecode.swift; path = SeparatorView.swift; sourceTree = "<group>"; };
		498AF8202A53CC9900121427 /* NewsHeaderView.swift */ = {isa = PBXFileReference; lastKnownFileType = sourcecode.swift; path = NewsHeaderView.swift; sourceTree = "<group>"; };
/* End PBXFileReference section */

/* Begin PBXFrameworksBuildPhase section */
		4912761B2A4EA8E900589EED /* Frameworks */ = {
			isa = PBXFrameworksBuildPhase;
			buildActionMask = 2147483647;
			files = (
				491276392A4EB09200589EED /* SnapKit in Frameworks */,
			);
			runOnlyForDeploymentPostprocessing = 0;
		};
/* End PBXFrameworksBuildPhase section */

/* Begin PBXGroup section */
		491276152A4EA8E900589EED = {
			isa = PBXGroup;
			children = (
				491276202A4EA8E900589EED /* CompositionalSingleViewApp */,
				4912761F2A4EA8E900589EED /* Products */,
			);
			sourceTree = "<group>";
		};
		4912761F2A4EA8E900589EED /* Products */ = {
			isa = PBXGroup;
			children = (
				4912761E2A4EA8E900589EED /* CompositionalSingleViewApp.app */,
			);
			name = Products;
			sourceTree = "<group>";
		};
		491276202A4EA8E900589EED /* CompositionalSingleViewApp */ = {
			isa = PBXGroup;
			children = (
				491276352A4EA98300589EED /* Delegate */,
				4912763A2A4EB2C900589EED /* Scene */,
				491276362A4EA98C00589EED /* Resource */,
				49296DCE2A52516300F5FEA6 /* Model */,
			);
			path = CompositionalSingleViewApp;
			sourceTree = "<group>";
		};
		491276352A4EA98300589EED /* Delegate */ = {
			isa = PBXGroup;
			children = (
				491276212A4EA8E900589EED /* AppDelegate.swift */,
				491276232A4EA8E900589EED /* SceneDelegate.swift */,
			);
			path = Delegate;
			sourceTree = "<group>";
		};
		491276362A4EA98C00589EED /* Resource */ = {
			isa = PBXGroup;
			children = (
				4912762A2A4EA8EB00589EED /* Assets.xcassets */,
				4912762C2A4EA8EB00589EED /* LaunchScreen.storyboard */,
				4912762F2A4EA8EB00589EED /* Info.plist */,
			);
			path = Resource;
			sourceTree = "<group>";
		};
		4912763A2A4EB2C900589EED /* Scene */ = {
			isa = PBXGroup;
			children = (
				49296DD52A527CC900F5FEA6 /* MainTabbar */,
				49296DD62A527CD600F5FEA6 /* HomeView */,
				498AF81E2A53C85500121427 /* SeparatorView.swift */,
			);
			path = Scene;
			sourceTree = "<group>";
		};
		49296DCE2A52516300F5FEA6 /* Model */ = {
			isa = PBXGroup;
			children = (
				49296DCC2A52512300F5FEA6 /* BannerModel.swift */,
				49296DCF2A52519500F5FEA6 /* TickerModel.swift */,
				498AF81A2A53C36900121427 /* NewsModel.swift */,
			);
			path = Model;
			sourceTree = "<group>";
		};
		49296DD52A527CC900F5FEA6 /* MainTabbar */ = {
			isa = PBXGroup;
			children = (
				49296DD12A527A2000F5FEA6 /* MainTabbarController.swift */,
				49296DD32A527A8800F5FEA6 /* TabbarItem.swift */,
			);
			path = MainTabbar;
			sourceTree = "<group>";
		};
		49296DD62A527CD600F5FEA6 /* HomeView */ = {
			isa = PBXGroup;
			children = (
				491276252A4EA8E900589EED /* HomeViewController.swift */,
				498AF8122A538C1B00121427 /* Banner */,
				498AF8152A53912D00121427 /* Ticker */,
				498AF8192A53C30200121427 /* News */,
			);
			path = HomeView;
			sourceTree = "<group>";
		};
		498AF8122A538C1B00121427 /* Banner */ = {
			isa = PBXGroup;
			children = (
				4912763B2A4EB2E800589EED /* BannerCell.swift */,
				49296DD92A52979100F5FEA6 /* BannerHeaderView.swift */,
			);
			path = Banner;
			sourceTree = "<group>";
		};
		498AF8152A53912D00121427 /* Ticker */ = {
			isa = PBXGroup;
			children = (
				4912763D2A4EBEBF00589EED /* TickerCell.swift */,
				498AF8132A538C2B00121427 /* TickerHeaderView.swift */,
			);
			path = Ticker;
			sourceTree = "<group>";
		};
		498AF8192A53C30200121427 /* News */ = {
			isa = PBXGroup;
			children = (
				498AF8162A53927700121427 /* NewsCell.swift */,
				498AF8202A53CC9900121427 /* NewsHeaderView.swift */,
			);
			path = News;
			sourceTree = "<group>";
		};
/* End PBXGroup section */

/* Begin PBXNativeTarget section */
		4912761D2A4EA8E900589EED /* CompositionalSingleViewApp */ = {
			isa = PBXNativeTarget;
			buildConfigurationList = 491276322A4EA8EB00589EED /* Build configuration list for PBXNativeTarget "CompositionalSingleViewApp" */;
			buildPhases = (
				4912761A2A4EA8E900589EED /* Sources */,
				4912761B2A4EA8E900589EED /* Frameworks */,
				4912761C2A4EA8E900589EED /* Resources */,
			);
			buildRules = (
			);
			dependencies = (
			);
			name = CompositionalSingleViewApp;
			packageProductDependencies = (
				491276382A4EB09200589EED /* SnapKit */,
			);
			productName = CompositionalSingleViewApp;
			productReference = 4912761E2A4EA8E900589EED /* CompositionalSingleViewApp.app */;
			productType = "com.apple.product-type.application";
		};
/* End PBXNativeTarget section */

/* Begin PBXProject section */
		491276162A4EA8E900589EED /* Project object */ = {
			isa = PBXProject;
			attributes = {
				BuildIndependentTargetsInParallel = 1;
				LastSwiftUpdateCheck = 1430;
				LastUpgradeCheck = 1430;
				TargetAttributes = {
					4912761D2A4EA8E900589EED = {
						CreatedOnToolsVersion = 14.3.1;
					};
				};
			};
			buildConfigurationList = 491276192A4EA8E900589EED /* Build configuration list for PBXProject "CompositionalSingleViewApp" */;
			compatibilityVersion = "Xcode 14.0";
			developmentRegion = en;
			hasScannedForEncodings = 0;
			knownRegions = (
				en,
				Base,
			);
			mainGroup = 491276152A4EA8E900589EED;
			packageReferences = (
				491276372A4EB09200589EED /* XCRemoteSwiftPackageReference "SnapKit" */,
			);
			productRefGroup = 4912761F2A4EA8E900589EED /* Products */;
			projectDirPath = "";
			projectRoot = "";
			targets = (
				4912761D2A4EA8E900589EED /* CompositionalSingleViewApp */,
			);
		};
/* End PBXProject section */

/* Begin PBXResourcesBuildPhase section */
		4912761C2A4EA8E900589EED /* Resources */ = {
			isa = PBXResourcesBuildPhase;
			buildActionMask = 2147483647;
			files = (
				4912762E2A4EA8EB00589EED /* LaunchScreen.storyboard in Resources */,
				4912762B2A4EA8EB00589EED /* Assets.xcassets in Resources */,
			);
			runOnlyForDeploymentPostprocessing = 0;
		};
/* End PBXResourcesBuildPhase section */

/* Begin PBXSourcesBuildPhase section */
		4912761A2A4EA8E900589EED /* Sources */ = {
			isa = PBXSourcesBuildPhase;
			buildActionMask = 2147483647;
			files = (
				49296DD02A52519500F5FEA6 /* TickerModel.swift in Sources */,
				491276262A4EA8E900589EED /* HomeViewController.swift in Sources */,
				49296DD22A527A2000F5FEA6 /* MainTabbarController.swift in Sources */,
				49296DDA2A52979100F5FEA6 /* BannerHeaderView.swift in Sources */,
				4912763C2A4EB2E800589EED /* BannerCell.swift in Sources */,
				49296DD42A527A8800F5FEA6 /* TabbarItem.swift in Sources */,
				491276222A4EA8E900589EED /* AppDelegate.swift in Sources */,
				498AF8142A538C2B00121427 /* TickerHeaderView.swift in Sources */,
				49296DCD2A52512300F5FEA6 /* BannerModel.swift in Sources */,
				498AF81B2A53C36900121427 /* NewsModel.swift in Sources */,
				498AF8212A53CC9900121427 /* NewsHeaderView.swift in Sources */,
				498AF81F2A53C85500121427 /* SeparatorView.swift in Sources */,
				491276242A4EA8E900589EED /* SceneDelegate.swift in Sources */,
				498AF8172A53927700121427 /* NewsCell.swift in Sources */,
				4912763E2A4EBEBF00589EED /* TickerCell.swift in Sources */,
			);
			runOnlyForDeploymentPostprocessing = 0;
		};
/* End PBXSourcesBuildPhase section */

/* Begin PBXVariantGroup section */
		4912762C2A4EA8EB00589EED /* LaunchScreen.storyboard */ = {
			isa = PBXVariantGroup;
			children = (
				4912762D2A4EA8EB00589EED /* Base */,
			);
			name = LaunchScreen.storyboard;
			sourceTree = "<group>";
		};
/* End PBXVariantGroup section */

/* Begin XCBuildConfiguration section */
		491276302A4EA8EB00589EED /* Debug */ = {
			isa = XCBuildConfiguration;
			buildSettings = {
				ALWAYS_SEARCH_USER_PATHS = NO;
				CLANG_ANALYZER_NONNULL = YES;
				CLANG_ANALYZER_NUMBER_OBJECT_CONVERSION = YES_AGGRESSIVE;
				CLANG_CXX_LANGUAGE_STANDARD = "gnu++20";
				CLANG_ENABLE_MODULES = YES;
				CLANG_ENABLE_OBJC_ARC = YES;
				CLANG_ENABLE_OBJC_WEAK = YES;
				CLANG_WARN_BLOCK_CAPTURE_AUTORELEASING = YES;
				CLANG_WARN_BOOL_CONVERSION = YES;
				CLANG_WARN_COMMA = YES;
				CLANG_WARN_CONSTANT_CONVERSION = YES;
				CLANG_WARN_DEPRECATED_OBJC_IMPLEMENTATIONS = YES;
				CLANG_WARN_DIRECT_OBJC_ISA_USAGE = YES_ERROR;
				CLANG_WARN_DOCUMENTATION_COMMENTS = YES;
				CLANG_WARN_EMPTY_BODY = YES;
				CLANG_WARN_ENUM_CONVERSION = YES;
				CLANG_WARN_INFINITE_RECURSION = YES;
				CLANG_WARN_INT_CONVERSION = YES;
				CLANG_WARN_NON_LITERAL_NULL_CONVERSION = YES;
				CLANG_WARN_OBJC_IMPLICIT_RETAIN_SELF = YES;
				CLANG_WARN_OBJC_LITERAL_CONVERSION = YES;
				CLANG_WARN_OBJC_ROOT_CLASS = YES_ERROR;
				CLANG_WARN_QUOTED_INCLUDE_IN_FRAMEWORK_HEADER = YES;
				CLANG_WARN_RANGE_LOOP_ANALYSIS = YES;
				CLANG_WARN_STRICT_PROTOTYPES = YES;
				CLANG_WARN_SUSPICIOUS_MOVE = YES;
				CLANG_WARN_UNGUARDED_AVAILABILITY = YES_AGGRESSIVE;
				CLANG_WARN_UNREACHABLE_CODE = YES;
				CLANG_WARN__DUPLICATE_METHOD_MATCH = YES;
				COPY_PHASE_STRIP = NO;
				DEBUG_INFORMATION_FORMAT = dwarf;
				ENABLE_STRICT_OBJC_MSGSEND = YES;
				ENABLE_TESTABILITY = YES;
				GCC_C_LANGUAGE_STANDARD = gnu11;
				GCC_DYNAMIC_NO_PIC = NO;
				GCC_NO_COMMON_BLOCKS = YES;
				GCC_OPTIMIZATION_LEVEL = 0;
				GCC_PREPROCESSOR_DEFINITIONS = (
					"DEBUG=1",
					"$(inherited)",
				);
				GCC_WARN_64_TO_32_BIT_CONVERSION = YES;
				GCC_WARN_ABOUT_RETURN_TYPE = YES_ERROR;
				GCC_WARN_UNDECLARED_SELECTOR = YES;
				GCC_WARN_UNINITIALIZED_AUTOS = YES_AGGRESSIVE;
				GCC_WARN_UNUSED_FUNCTION = YES;
				GCC_WARN_UNUSED_VARIABLE = YES;
				IPHONEOS_DEPLOYMENT_TARGET = 16.4;
				MTL_ENABLE_DEBUG_INFO = INCLUDE_SOURCE;
				MTL_FAST_MATH = YES;
				ONLY_ACTIVE_ARCH = YES;
				SDKROOT = iphoneos;
				SWIFT_ACTIVE_COMPILATION_CONDITIONS = DEBUG;
				SWIFT_OPTIMIZATION_LEVEL = "-Onone";
			};
			name = Debug;
		};
		491276312A4EA8EB00589EED /* Release */ = {
			isa = XCBuildConfiguration;
			buildSettings = {
				ALWAYS_SEARCH_USER_PATHS = NO;
				CLANG_ANALYZER_NONNULL = YES;
				CLANG_ANALYZER_NUMBER_OBJECT_CONVERSION = YES_AGGRESSIVE;
				CLANG_CXX_LANGUAGE_STANDARD = "gnu++20";
				CLANG_ENABLE_MODULES = YES;
				CLANG_ENABLE_OBJC_ARC = YES;
				CLANG_ENABLE_OBJC_WEAK = YES;
				CLANG_WARN_BLOCK_CAPTURE_AUTORELEASING = YES;
				CLANG_WARN_BOOL_CONVERSION = YES;
				CLANG_WARN_COMMA = YES;
				CLANG_WARN_CONSTANT_CONVERSION = YES;
				CLANG_WARN_DEPRECATED_OBJC_IMPLEMENTATIONS = YES;
				CLANG_WARN_DIRECT_OBJC_ISA_USAGE = YES_ERROR;
				CLANG_WARN_DOCUMENTATION_COMMENTS = YES;
				CLANG_WARN_EMPTY_BODY = YES;
				CLANG_WARN_ENUM_CONVERSION = YES;
				CLANG_WARN_INFINITE_RECURSION = YES;
				CLANG_WARN_INT_CONVERSION = YES;
				CLANG_WARN_NON_LITERAL_NULL_CONVERSION = YES;
				CLANG_WARN_OBJC_IMPLICIT_RETAIN_SELF = YES;
				CLANG_WARN_OBJC_LITERAL_CONVERSION = YES;
				CLANG_WARN_OBJC_ROOT_CLASS = YES_ERROR;
				CLANG_WARN_QUOTED_INCLUDE_IN_FRAMEWORK_HEADER = YES;
				CLANG_WARN_RANGE_LOOP_ANALYSIS = YES;
				CLANG_WARN_STRICT_PROTOTYPES = YES;
				CLANG_WARN_SUSPICIOUS_MOVE = YES;
				CLANG_WARN_UNGUARDED_AVAILABILITY = YES_AGGRESSIVE;
				CLANG_WARN_UNREACHABLE_CODE = YES;
				CLANG_WARN__DUPLICATE_METHOD_MATCH = YES;
				COPY_PHASE_STRIP = NO;
				DEBUG_INFORMATION_FORMAT = "dwarf-with-dsym";
				ENABLE_NS_ASSERTIONS = NO;
				ENABLE_STRICT_OBJC_MSGSEND = YES;
				GCC_C_LANGUAGE_STANDARD = gnu11;
				GCC_NO_COMMON_BLOCKS = YES;
				GCC_WARN_64_TO_32_BIT_CONVERSION = YES;
				GCC_WARN_ABOUT_RETURN_TYPE = YES_ERROR;
				GCC_WARN_UNDECLARED_SELECTOR = YES;
				GCC_WARN_UNINITIALIZED_AUTOS = YES_AGGRESSIVE;
				GCC_WARN_UNUSED_FUNCTION = YES;
				GCC_WARN_UNUSED_VARIABLE = YES;
				IPHONEOS_DEPLOYMENT_TARGET = 16.4;
				MTL_ENABLE_DEBUG_INFO = NO;
				MTL_FAST_MATH = YES;
				SDKROOT = iphoneos;
				SWIFT_COMPILATION_MODE = wholemodule;
				SWIFT_OPTIMIZATION_LEVEL = "-O";
				VALIDATE_PRODUCT = YES;
			};
			name = Release;
		};
		491276332A4EA8EB00589EED /* Debug */ = {
			isa = XCBuildConfiguration;
			buildSettings = {
				ASSETCATALOG_COMPILER_APPICON_NAME = AppIcon;
				ASSETCATALOG_COMPILER_GLOBAL_ACCENT_COLOR_NAME = AccentColor;
				CODE_SIGN_STYLE = Automatic;
				CURRENT_PROJECT_VERSION = 1;
				DEVELOPMENT_TEAM = HDFLLXK789;
				GENERATE_INFOPLIST_FILE = YES;
				INFOPLIST_FILE = CompositionalSingleViewApp/Resource/Info.plist;
				INFOPLIST_KEY_UIApplicationSupportsIndirectInputEvents = YES;
				INFOPLIST_KEY_UILaunchStoryboardName = LaunchScreen;
				INFOPLIST_KEY_UIMainStoryboardFile = "";
				INFOPLIST_KEY_UISupportedInterfaceOrientations_iPad = "UIInterfaceOrientationPortrait UIInterfaceOrientationPortraitUpsideDown UIInterfaceOrientationLandscapeLeft UIInterfaceOrientationLandscapeRight";
				INFOPLIST_KEY_UISupportedInterfaceOrientations_iPhone = "UIInterfaceOrientationPortrait UIInterfaceOrientationLandscapeLeft UIInterfaceOrientationLandscapeRight";
				LD_RUNPATH_SEARCH_PATHS = (
					"$(inherited)",
					"@executable_path/Frameworks",
				);
				MARKETING_VERSION = 1.0;
				PRODUCT_BUNDLE_IDENTIFIER = com.ycompany.CompositionalSingleViewApp;
				PRODUCT_NAME = "$(TARGET_NAME)";
				SWIFT_EMIT_LOC_STRINGS = YES;
				SWIFT_VERSION = 5.0;
				TARGETED_DEVICE_FAMILY = "1,2";
			};
			name = Debug;
		};
		491276342A4EA8EB00589EED /* Release */ = {
			isa = XCBuildConfiguration;
			buildSettings = {
				ASSETCATALOG_COMPILER_APPICON_NAME = AppIcon;
				ASSETCATALOG_COMPILER_GLOBAL_ACCENT_COLOR_NAME = AccentColor;
				CODE_SIGN_STYLE = Automatic;
				CURRENT_PROJECT_VERSION = 1;
				DEVELOPMENT_TEAM = HDFLLXK789;
				GENERATE_INFOPLIST_FILE = YES;
				INFOPLIST_FILE = CompositionalSingleViewApp/Resource/Info.plist;
				INFOPLIST_KEY_UIApplicationSupportsIndirectInputEvents = YES;
				INFOPLIST_KEY_UILaunchStoryboardName = LaunchScreen;
				INFOPLIST_KEY_UIMainStoryboardFile = "";
				INFOPLIST_KEY_UISupportedInterfaceOrientations_iPad = "UIInterfaceOrientationPortrait UIInterfaceOrientationPortraitUpsideDown UIInterfaceOrientationLandscapeLeft UIInterfaceOrientationLandscapeRight";
				INFOPLIST_KEY_UISupportedInterfaceOrientations_iPhone = "UIInterfaceOrientationPortrait UIInterfaceOrientationLandscapeLeft UIInterfaceOrientationLandscapeRight";
				LD_RUNPATH_SEARCH_PATHS = (
					"$(inherited)",
					"@executable_path/Frameworks",
				);
				MARKETING_VERSION = 1.0;
				PRODUCT_BUNDLE_IDENTIFIER = com.ycompany.CompositionalSingleViewApp;
				PRODUCT_NAME = "$(TARGET_NAME)";
				SWIFT_EMIT_LOC_STRINGS = YES;
				SWIFT_VERSION = 5.0;
				TARGETED_DEVICE_FAMILY = "1,2";
			};
			name = Release;
		};
/* End XCBuildConfiguration section */

/* Begin XCConfigurationList section */
		491276192A4EA8E900589EED /* Build configuration list for PBXProject "CompositionalSingleViewApp" */ = {
			isa = XCConfigurationList;
			buildConfigurations = (
				491276302A4EA8EB00589EED /* Debug */,
				491276312A4EA8EB00589EED /* Release */,
			);
			defaultConfigurationIsVisible = 0;
			defaultConfigurationName = Release;
		};
		491276322A4EA8EB00589EED /* Build configuration list for PBXNativeTarget "CompositionalSingleViewApp" */ = {
			isa = XCConfigurationList;
			buildConfigurations = (
				491276332A4EA8EB00589EED /* Debug */,
				491276342A4EA8EB00589EED /* Release */,
			);
			defaultConfigurationIsVisible = 0;
			defaultConfigurationName = Release;
		};
/* End XCConfigurationList section */

/* Begin XCRemoteSwiftPackageReference section */
		491276372A4EB09200589EED /* XCRemoteSwiftPackageReference "SnapKit" */ = {
			isa = XCRemoteSwiftPackageReference;
			repositoryURL = "https://github.com/SnapKit/SnapKit.git";
			requirement = {
				kind = upToNextMajorVersion;
				minimumVersion = 5.0.0;
			};
		};
/* End XCRemoteSwiftPackageReference section */

/* Begin XCSwiftPackageProductDependency section */
		491276382A4EB09200589EED /* SnapKit */ = {
			isa = XCSwiftPackageProductDependency;
			package = 491276372A4EB09200589EED /* XCRemoteSwiftPackageReference "SnapKit" */;
			productName = SnapKit;
		};
/* End XCSwiftPackageProductDependency section */
	};
	rootObject = 491276162A4EA8E900589EED /* Project object */;
}
